
Microsoft Visual Studio Solution File, Format Version 12.00
# Visual Studio 15
VisualStudioVersion = 15.0.28010.2050
MinimumVisualStudioVersion = 10.0.40219.1
Project("{FAE04EC0-301F-11D3-BF4B-00C04F79EFBC}") = "XboxController", "XboxController\XboxController.csproj", "{177255B5-AEDF-46A5-B0CF-9E5EABAF8FC9}"
EndProject
Project("{8BC9CEB8-8B4A-11D0-8D11-00A0C91BC942}") = "RawInput", "RawInput\RawInput.vcxproj", "{7F459839-9A3E-42D8-A77A-04DFBD9DF72F}"
EndProject
Project("{FAE04EC0-301F-11D3-BF4B-00C04F79EFBC}") = "RawInput.Net", "RawInput.Net\RawInput.Net.csproj", "{6CF3802C-4511-4CE9-ADD7-5D75397721B2}"
EndProject
Project("{FAE04EC0-301F-11D3-BF4B-00C04F79EFBC}") = "XboxController.Console", "XboxController.Console\XboxController.Console.csproj", "{87FA1568-A966-47DD-8EBA-61E4918275BC}"
EndProject
Global
	GlobalSection(SolutionConfigurationPlatforms) = preSolution
		Debug|Any CPU = Debug|Any CPU
		Debug|x64 = Debug|x64
		Debug|x86 = Debug|x86
		Release|Any CPU = Release|Any CPU
		Release|x64 = Release|x64
		Release|x86 = Release|x86
	EndGlobalSection
	GlobalSection(ProjectConfigurationPlatforms) = postSolution
		{177255B5-AEDF-46A5-B0CF-9E5EABAF8FC9}.Debug|Any CPU.ActiveCfg = Debug|Any CPU
		{177255B5-AEDF-46A5-B0CF-9E5EABAF8FC9}.Debug|Any CPU.Build.0 = Debug|Any CPU
		{177255B5-AEDF-46A5-B0CF-9E5EABAF8FC9}.Debug|x64.ActiveCfg = Debug|Any CPU
		{177255B5-AEDF-46A5-B0CF-9E5EABAF8FC9}.Debug|x64.Build.0 = Debug|Any CPU
		{177255B5-AEDF-46A5-B0CF-9E5EABAF8FC9}.Debug|x86.ActiveCfg = Debug|Any CPU
		{177255B5-AEDF-46A5-B0CF-9E5EABAF8FC9}.Debug|x86.Build.0 = Debug|Any CPU
		{177255B5-AEDF-46A5-B0CF-9E5EABAF8FC9}.Release|Any CPU.ActiveCfg = Release|Any CPU
		{177255B5-AEDF-46A5-B0CF-9E5EABAF8FC9}.Release|Any CPU.Build.0 = Release|Any CPU
		{177255B5-AEDF-46A5-B0CF-9E5EABAF8FC9}.Release|x64.ActiveCfg = Release|Any CPU
		{177255B5-AEDF-46A5-B0CF-9E5EABAF8FC9}.Release|x64.Build.0 = Release|Any CPU
		{177255B5-AEDF-46A5-B0CF-9E5EABAF8FC9}.Release|x86.ActiveCfg = Release|Any CPU
		{177255B5-AEDF-46A5-B0CF-9E5EABAF8FC9}.Release|x86.Build.0 = Release|Any CPU
		{7F459839-9A3E-42D8-A77A-04DFBD9DF72F}.Debug|Any CPU.ActiveCfg = Debug|Win32
		{7F459839-9A3E-42D8-A77A-04DFBD9DF72F}.Debug|x64.ActiveCfg = Debug|x64
		{7F459839-9A3E-42D8-A77A-04DFBD9DF72F}.Debug|x64.Build.0 = Debug|x64
		{7F459839-9A3E-42D8-A77A-04DFBD9DF72F}.Debug|x86.ActiveCfg = Debug|Win32
		{7F459839-9A3E-42D8-A77A-04DFBD9DF72F}.Debug|x86.Build.0 = Debug|Win32
		{7F459839-9A3E-42D8-A77A-04DFBD9DF72F}.Release|Any CPU.ActiveCfg = Release|Win32
		{7F459839-9A3E-42D8-A77A-04DFBD9DF72F}.Release|x64.ActiveCfg = Release|x64
		{7F459839-9A3E-42D8-A77A-04DFBD9DF72F}.Release|x64.Build.0 = Release|x64
		{7F459839-9A3E-42D8-A77A-04DFBD9DF72F}.Release|x86.ActiveCfg = Release|Win32
		{7F459839-9A3E-42D8-A77A-04DFBD9DF72F}.Release|x86.Build.0 = Release|Win32
		{6CF3802C-4511-4CE9-ADD7-5D75397721B2}.Debug|Any CPU.ActiveCfg = Debug|Any CPU
		{6CF3802C-4511-4CE9-ADD7-5D75397721B2}.Debug|Any CPU.Build.0 = Debug|Any CPU
		{6CF3802C-4511-4CE9-ADD7-5D75397721B2}.Debug|x64.ActiveCfg = Debug|Any CPU
		{6CF3802C-4511-4CE9-ADD7-5D75397721B2}.Debug|x64.Build.0 = Debug|Any CPU
		{6CF3802C-4511-4CE9-ADD7-5D75397721B2}.Debug|x86.ActiveCfg = Debug|Any CPU
		{6CF3802C-4511-4CE9-ADD7-5D75397721B2}.Debug|x86.Build.0 = Debug|Any CPU
		{6CF3802C-4511-4CE9-ADD7-5D75397721B2}.Release|Any CPU.ActiveCfg = Release|Any CPU
		{6CF3802C-4511-4CE9-ADD7-5D75397721B2}.Release|Any CPU.Build.0 = Release|Any CPU
		{6CF3802C-4511-4CE9-ADD7-5D75397721B2}.Release|x64.ActiveCfg = Release|Any CPU
		{6CF3802C-4511-4CE9-ADD7-5D75397721B2}.Release|x64.Build.0 = Release|Any CPU
		{6CF3802C-4511-4CE9-ADD7-5D75397721B2}.Release|x86.ActiveCfg = Release|Any CPU
		{6CF3802C-4511-4CE9-ADD7-5D75397721B2}.Release|x86.Build.0 = Release|Any CPU
		{87FA1568-A966-47DD-8EBA-61E4918275BC}.Debug|Any CPU.ActiveCfg = Debug|Any CPU
		{87FA1568-A966-47DD-8EBA-61E4918275BC}.Debug|Any CPU.Build.0 = Debug|Any CPU
		{87FA1568-A966-47DD-8EBA-61E4918275BC}.Debug|x64.ActiveCfg = Debug|Any CPU
		{87FA1568-A966-47DD-8EBA-61E4918275BC}.Debug|x64.Build.0 = Debug|Any CPU
		{87FA1568-A966-47DD-8EBA-61E4918275BC}.Debug|x86.ActiveCfg = Debug|Any CPU
		{87FA1568-A966-47DD-8EBA-61E4918275BC}.Debug|x86.Build.0 = Debug|Any CPU
		{87FA1568-A966-47DD-8EBA-61E4918275BC}.Release|Any CPU.ActiveCfg = Release|Any CPU
		{87FA1568-A966-47DD-8EBA-61E4918275BC}.Release|Any CPU.Build.0 = Release|Any CPU
		{87FA1568-A966-47DD-8EBA-61E4918275BC}.Release|x64.ActiveCfg = Release|Any CPU
		{87FA1568-A966-47DD-8EBA-61E4918275BC}.Release|x64.Build.0 = Release|Any CPU
		{87FA1568-A966-47DD-8EBA-61E4918275BC}.Release|x86.ActiveCfg = Release|Any CPU
		{87FA1568-A966-47DD-8EBA-61E4918275BC}.Release|x86.Build.0 = Release|Any CPU
	EndGlobalSection
	GlobalSection(SolutionProperties) = preSolution
		HideSolutionNode = FALSE
	EndGlobalSection
	GlobalSection(ExtensibilityGlobals) = postSolution
		SolutionGuid = {14015821-C3A8-4710-B988-E856812B4609}
	EndGlobalSection
EndGlobal
